// !$*UTF8*$!
{
	archiveVersion = 1;
	classes = {
	};
	objectVersion = 50;
	objects = {

/* Begin PBXBuildFile section */
		A112B9CA266F8149002B4F5A /* MainWindowGroup.swift in Sources */ = {isa = PBXBuildFile; fileRef = A112B9C9266F8149002B4F5A /* MainWindowGroup.swift */; };
		A112B9CC266F8149002B4F5A /* HomeScreenView.swift in Sources */ = {isa = PBXBuildFile; fileRef = A112B9CB266F8149002B4F5A /* HomeScreenView.swift */; };
		A112B9CE266F814A002B4F5A /* Assets.xcassets in Resources */ = {isa = PBXBuildFile; fileRef = A112B9CD266F814A002B4F5A /* Assets.xcassets */; };
		A112B9D1266F814A002B4F5A /* Preview Assets.xcassets in Resources */ = {isa = PBXBuildFile; fileRef = A112B9D0266F814A002B4F5A /* Preview Assets.xcassets */; };
		A112B9D9266FA59C002B4F5A /* Reducer.swift in Sources */ = {isa = PBXBuildFile; fileRef = A112B9D8266FA59C002B4F5A /* Reducer.swift */; };
		A112B9DB266FAC66002B4F5A /* Store.swift in Sources */ = {isa = PBXBuildFile; fileRef = A112B9DA266FAC66002B4F5A /* Store.swift */; };
		A112B9E0266FAE50002B4F5A /* ToDoItemView.swift in Sources */ = {isa = PBXBuildFile; fileRef = A112B9DF266FAE50002B4F5A /* ToDoItemView.swift */; };
		A112B9E2266FB348002B4F5A /* ToDoItemsListView.swift in Sources */ = {isa = PBXBuildFile; fileRef = A112B9E1266FB348002B4F5A /* ToDoItemsListView.swift */; };
		A112B9E4266FB46F002B4F5A /* SortPickerView.swift in Sources */ = {isa = PBXBuildFile; fileRef = A112B9E3266FB46F002B4F5A /* SortPickerView.swift */; };
		A112B9E6266FB53F002B4F5A /* HomeScreenNavigationModifier.swift in Sources */ = {isa = PBXBuildFile; fileRef = A112B9E5266FB53F002B4F5A /* HomeScreenNavigationModifier.swift */; };
		A112B9E9266FB8D3002B4F5A /* AddNewItemView.swift in Sources */ = {isa = PBXBuildFile; fileRef = A112B9E8266FB8D3002B4F5A /* AddNewItemView.swift */; };
		A1C0DA5826725C2300705553 /* ToDoItem.swift in Sources */ = {isa = PBXBuildFile; fileRef = A1C0DA5726725C2300705553 /* ToDoItem.swift */; };
		A1C0DA5A26725C8000705553 /* Priority.swift in Sources */ = {isa = PBXBuildFile; fileRef = A1C0DA5926725C8000705553 /* Priority.swift */; };
		A1C0DA5C26725CC200705553 /* SortType.swift in Sources */ = {isa = PBXBuildFile; fileRef = A1C0DA5B26725CC200705553 /* SortType.swift */; };
		A1C0DA5E26725CE500705553 /* AppState.swift in Sources */ = {isa = PBXBuildFile; fileRef = A1C0DA5D26725CE500705553 /* AppState.swift */; };
		A1C0DA6126725D1F00705553 /* Action.swift in Sources */ = {isa = PBXBuildFile; fileRef = A1C0DA6026725D1F00705553 /* Action.swift */; };
/* End PBXBuildFile section */

/* Begin PBXFileReference section */
		A112B9C6266F8149002B4F5A /* ToDo.app */ = {isa = PBXFileReference; explicitFileType = wrapper.application; includeInIndex = 0; path = ToDo.app; sourceTree = BUILT_PRODUCTS_DIR; };
		A112B9C9266F8149002B4F5A /* MainWindowGroup.swift */ = {isa = PBXFileReference; lastKnownFileType = sourcecode.swift; path = MainWindowGroup.swift; sourceTree = "<group>"; };
		A112B9CB266F8149002B4F5A /* HomeScreenView.swift */ = {isa = PBXFileReference; lastKnownFileType = sourcecode.swift; path = HomeScreenView.swift; sourceTree = "<group>"; };
		A112B9CD266F814A002B4F5A /* Assets.xcassets */ = {isa = PBXFileReference; lastKnownFileType = folder.assetcatalog; path = Assets.xcassets; sourceTree = "<group>"; };
		A112B9D0266F814A002B4F5A /* Preview Assets.xcassets */ = {isa = PBXFileReference; lastKnownFileType = folder.assetcatalog; path = "Preview Assets.xcassets"; sourceTree = "<group>"; };
		A112B9D2266F814A002B4F5A /* Info.plist */ = {isa = PBXFileReference; lastKnownFileType = text.plist.xml; path = Info.plist; sourceTree = "<group>"; };
		A112B9D8266FA59C002B4F5A /* Reducer.swift */ = {isa = PBXFileReference; lastKnownFileType = sourcecode.swift; path = Reducer.swift; sourceTree = "<group>"; };
		A112B9DA266FAC66002B4F5A /* Store.swift */ = {isa = PBXFileReference; lastKnownFileType = sourcecode.swift; path = Store.swift; sourceTree = "<group>"; };
		A112B9DF266FAE50002B4F5A /* ToDoItemView.swift */ = {isa = PBXFileReference; lastKnownFileType = sourcecode.swift; path = ToDoItemView.swift; sourceTree = "<group>"; };
		A112B9E1266FB348002B4F5A /* ToDoItemsListView.swift */ = {isa = PBXFileReference; lastKnownFileType = sourcecode.swift; path = ToDoItemsListView.swift; sourceTree = "<group>"; };
		A112B9E3266FB46F002B4F5A /* SortPickerView.swift */ = {isa = PBXFileReference; lastKnownFileType = sourcecode.swift; path = SortPickerView.swift; sourceTree = "<group>"; };
		A112B9E5266FB53F002B4F5A /* HomeScreenNavigationModifier.swift */ = {isa = PBXFileReference; lastKnownFileType = sourcecode.swift; path = HomeScreenNavigationModifier.swift; sourceTree = "<group>"; };
		A112B9E8266FB8D3002B4F5A /* AddNewItemView.swift */ = {isa = PBXFileReference; lastKnownFileType = sourcecode.swift; path = AddNewItemView.swift; sourceTree = "<group>"; };
		A1C0DA5726725C2300705553 /* ToDoItem.swift */ = {isa = PBXFileReference; lastKnownFileType = sourcecode.swift; path = ToDoItem.swift; sourceTree = "<group>"; };
		A1C0DA5926725C8000705553 /* Priority.swift */ = {isa = PBXFileReference; lastKnownFileType = sourcecode.swift; path = Priority.swift; sourceTree = "<group>"; };
		A1C0DA5B26725CC200705553 /* SortType.swift */ = {isa = PBXFileReference; lastKnownFileType = sourcecode.swift; path = SortType.swift; sourceTree = "<group>"; };
		A1C0DA5D26725CE500705553 /* AppState.swift */ = {isa = PBXFileReference; lastKnownFileType = sourcecode.swift; path = AppState.swift; sourceTree = "<group>"; };
		A1C0DA6026725D1F00705553 /* Action.swift */ = {isa = PBXFileReference; lastKnownFileType = sourcecode.swift; path = Action.swift; sourceTree = "<group>"; };
/* End PBXFileReference section */

/* Begin PBXFrameworksBuildPhase section */
		A112B9C3266F8149002B4F5A /* Frameworks */ = {
			isa = PBXFrameworksBuildPhase;
			buildActionMask = 2147483647;
			files = (
			);
			runOnlyForDeploymentPostprocessing = 0;
		};
/* End PBXFrameworksBuildPhase section */

/* Begin PBXGroup section */
		A112B9BD266F8149002B4F5A = {
			isa = PBXGroup;
			children = (
				A112B9C8266F8149002B4F5A /* ToDo */,
				A112B9C7266F8149002B4F5A /* Products */,
			);
			sourceTree = "<group>";
		};
		A112B9C7266F8149002B4F5A /* Products */ = {
			isa = PBXGroup;
			children = (
				A112B9C6266F8149002B4F5A /* ToDo.app */,
			);
			name = Products;
			sourceTree = "<group>";
		};
		A112B9C8266F8149002B4F5A /* ToDo */ = {
			isa = PBXGroup;
			children = (
				A1C0DA5326725ABC00705553 /* Flow */,
				A1C0DA5626725B2600705553 /* MainWindowGroup */,
				A112B9CF266F814A002B4F5A /* Preview Content */,
				A1C0DA5226725A1300705553 /* Supporting Files */,
			);
			path = ToDo;
			sourceTree = "<group>";
		};
		A112B9CF266F814A002B4F5A /* Preview Content */ = {
			isa = PBXGroup;
			children = (
				A112B9D0266F814A002B4F5A /* Preview Assets.xcassets */,
			);
			path = "Preview Content";
			sourceTree = "<group>";
		};
		A112B9DC266FAD9C002B4F5A /* Store */ = {
			isa = PBXGroup;
			children = (
				A1C0DA5D26725CE500705553 /* AppState.swift */,
				A1C0DA5926725C8000705553 /* Priority.swift */,
				A112B9D8266FA59C002B4F5A /* Reducer.swift */,
				A1C0DA5B26725CC200705553 /* SortType.swift */,
				A112B9DA266FAC66002B4F5A /* Store.swift */,
			);
			path = Store;
			sourceTree = "<group>";
		};
		A112B9DD266FADB1002B4F5A /* Model */ = {
			isa = PBXGroup;
			children = (
				A1C0DA5726725C2300705553 /* ToDoItem.swift */,
			);
			path = Model;
			sourceTree = "<group>";
		};
		A112B9DE266FADB8002B4F5A /* Views */ = {
			isa = PBXGroup;
			children = (
				A1C0DA5526725ACD00705553 /* AddNewItemScreen */,
				A112B9CB266F8149002B4F5A /* HomeScreenView.swift */,
				A112B9E3266FB46F002B4F5A /* SortPickerView.swift */,
				A112B9E1266FB348002B4F5A /* ToDoItemsListView.swift */,
				A112B9DF266FAE50002B4F5A /* ToDoItemView.swift */,
			);
			path = Views;
			sourceTree = "<group>";
		};
		A112B9E7266FB861002B4F5A /* Modifier */ = {
			isa = PBXGroup;
			children = (
				A112B9E5266FB53F002B4F5A /* HomeScreenNavigationModifier.swift */,
			);
			path = Modifier;
			sourceTree = "<group>";
		};
		A1C0DA5226725A1300705553 /* Supporting Files */ = {
			isa = PBXGroup;
			children = (
				A112B9CD266F814A002B4F5A /* Assets.xcassets */,
				A112B9D2266F814A002B4F5A /* Info.plist */,
			);
			path = "Supporting Files";
			sourceTree = "<group>";
		};
		A1C0DA5326725ABC00705553 /* Flow */ = {
			isa = PBXGroup;
			children = (
				A1C0DA5426725AC500705553 /* HomeScreen */,
			);
			path = Flow;
			sourceTree = "<group>";
		};
		A1C0DA5426725AC500705553 /* HomeScreen */ = {
			isa = PBXGroup;
			children = (
				A1C0DA63267268EC00705553 /* Actions */,
				A112B9DD266FADB1002B4F5A /* Model */,
				A112B9E7266FB861002B4F5A /* Modifier */,
				A112B9DC266FAD9C002B4F5A /* Store */,
				A112B9DE266FADB8002B4F5A /* Views */,
			);
			path = HomeScreen;
			sourceTree = "<group>";
		};
		A1C0DA5526725ACD00705553 /* AddNewItemScreen */ = {
			isa = PBXGroup;
			children = (
				A112B9E8266FB8D3002B4F5A /* AddNewItemView.swift */,
			);
			path = AddNewItemScreen;
			sourceTree = "<group>";
		};
		A1C0DA5626725B2600705553 /* MainWindowGroup */ = {
			isa = PBXGroup;
			children = (
				A112B9C9266F8149002B4F5A /* MainWindowGroup.swift */,
			);
			path = MainWindowGroup;
			sourceTree = "<group>";
		};
		A1C0DA63267268EC00705553 /* Actions */ = {
			isa = PBXGroup;
			children = (
				A1C0DA6026725D1F00705553 /* Action.swift */,
			);
			path = Actions;
			sourceTree = "<group>";
		};
/* End PBXGroup section */

/* Begin PBXNativeTarget section */
		A112B9C5266F8149002B4F5A /* ToDo */ = {
			isa = PBXNativeTarget;
			buildConfigurationList = A112B9D5266F814A002B4F5A /* Build configuration list for PBXNativeTarget "ToDo" */;
			buildPhases = (
				A112B9C2266F8149002B4F5A /* Sources */,
				A112B9C3266F8149002B4F5A /* Frameworks */,
				A112B9C4266F8149002B4F5A /* Resources */,
			);
			buildRules = (
			);
			dependencies = (
			);
			name = ToDo;
			productName = ToDo;
			productReference = A112B9C6266F8149002B4F5A /* ToDo.app */;
			productType = "com.apple.product-type.application";
		};
/* End PBXNativeTarget section */

/* Begin PBXProject section */
		A112B9BE266F8149002B4F5A /* Project object */ = {
			isa = PBXProject;
			attributes = {
				LastSwiftUpdateCheck = 1250;
				LastUpgradeCheck = 1250;
				TargetAttributes = {
					A112B9C5266F8149002B4F5A = {
						CreatedOnToolsVersion = 12.5;
					};
				};
			};
			buildConfigurationList = A112B9C1266F8149002B4F5A /* Build configuration list for PBXProject "ToDo" */;
			compatibilityVersion = "Xcode 9.3";
			developmentRegion = en;
			hasScannedForEncodings = 0;
			knownRegions = (
				en,
				Base,
			);
			mainGroup = A112B9BD266F8149002B4F5A;
			productRefGroup = A112B9C7266F8149002B4F5A /* Products */;
			projectDirPath = "";
			projectRoot = "";
			targets = (
				A112B9C5266F8149002B4F5A /* ToDo */,
			);
		};
/* End PBXProject section */

/* Begin PBXResourcesBuildPhase section */
		A112B9C4266F8149002B4F5A /* Resources */ = {
			isa = PBXResourcesBuildPhase;
			buildActionMask = 2147483647;
			files = (
				A112B9D1266F814A002B4F5A /* Preview Assets.xcassets in Resources */,
				A112B9CE266F814A002B4F5A /* Assets.xcassets in Resources */,
			);
			runOnlyForDeploymentPostprocessing = 0;
		};
/* End PBXResourcesBuildPhase section */

/* Begin PBXSourcesBuildPhase section */
		A112B9C2266F8149002B4F5A /* Sources */ = {
			isa = PBXSourcesBuildPhase;
			buildActionMask = 2147483647;
			files = (
				A112B9E2266FB348002B4F5A /* ToDoItemsListView.swift in Sources */,
				A112B9D9266FA59C002B4F5A /* Reducer.swift in Sources */,
				A1C0DA5826725C2300705553 /* ToDoItem.swift in Sources */,
				A112B9E4266FB46F002B4F5A /* SortPickerView.swift in Sources */,
				A112B9CC266F8149002B4F5A /* HomeScreenView.swift in Sources */,
				A112B9CA266F8149002B4F5A /* MainWindowGroup.swift in Sources */,
				A112B9E6266FB53F002B4F5A /* HomeScreenNavigationModifier.swift in Sources */,
				A1C0DA5C26725CC200705553 /* SortType.swift in Sources */,
				A1C0DA5A26725C8000705553 /* Priority.swift in Sources */,
				A112B9DB266FAC66002B4F5A /* Store.swift in Sources */,
				A1C0DA5E26725CE500705553 /* AppState.swift in Sources */,
				A1C0DA6126725D1F00705553 /* Action.swift in Sources */,
				A112B9E0266FAE50002B4F5A /* ToDoItemView.swift in Sources */,
				A112B9E9266FB8D3002B4F5A /* AddNewItemView.swift in Sources */,
			);
			runOnlyForDeploymentPostprocessing = 0;
		};
/* End PBXSourcesBuildPhase section */

/* Begin XCBuildConfiguration section */
		A112B9D3266F814A002B4F5A /* Debug */ = {
			isa = XCBuildConfiguration;
			buildSettings = {
				ALWAYS_SEARCH_USER_PATHS = NO;
				CLANG_ANALYZER_NONNULL = YES;
				CLANG_ANALYZER_NUMBER_OBJECT_CONVERSION = YES_AGGRESSIVE;
				CLANG_CXX_LANGUAGE_STANDARD = "gnu++14";
				CLANG_CXX_LIBRARY = "libc++";
				CLANG_ENABLE_MODULES = YES;
				CLANG_ENABLE_OBJC_ARC = YES;
				CLANG_ENABLE_OBJC_WEAK = YES;
				CLANG_WARN_BLOCK_CAPTURE_AUTORELEASING = YES;
				CLANG_WARN_BOOL_CONVERSION = YES;
				CLANG_WARN_COMMA = YES;
				CLANG_WARN_CONSTANT_CONVERSION = YES;
				CLANG_WARN_DEPRECATED_OBJC_IMPLEMENTATIONS = YES;
				CLANG_WARN_DIRECT_OBJC_ISA_USAGE = YES_ERROR;
				CLANG_WARN_DOCUMENTATION_COMMENTS = YES;
				CLANG_WARN_EMPTY_BODY = YES;
				CLANG_WARN_ENUM_CONVERSION = YES;
				CLANG_WARN_INFINITE_RECURSION = YES;
				CLANG_WARN_INT_CONVERSION = YES;
				CLANG_WARN_NON_LITERAL_NULL_CONVERSION = YES;
				CLANG_WARN_OBJC_IMPLICIT_RETAIN_SELF = YES;
				CLANG_WARN_OBJC_LITERAL_CONVERSION = YES;
				CLANG_WARN_OBJC_ROOT_CLASS = YES_ERROR;
				CLANG_WARN_QUOTED_INCLUDE_IN_FRAMEWORK_HEADER = YES;
				CLANG_WARN_RANGE_LOOP_ANALYSIS = YES;
				CLANG_WARN_STRICT_PROTOTYPES = YES;
				CLANG_WARN_SUSPICIOUS_MOVE = YES;
				CLANG_WARN_UNGUARDED_AVAILABILITY = YES_AGGRESSIVE;
				CLANG_WARN_UNREACHABLE_CODE = YES;
				CLANG_WARN__DUPLICATE_METHOD_MATCH = YES;
				COPY_PHASE_STRIP = NO;
				DEBUG_INFORMATION_FORMAT = dwarf;
				ENABLE_STRICT_OBJC_MSGSEND = YES;
				ENABLE_TESTABILITY = YES;
				GCC_C_LANGUAGE_STANDARD = gnu11;
				GCC_DYNAMIC_NO_PIC = NO;
				GCC_NO_COMMON_BLOCKS = YES;
				GCC_OPTIMIZATION_LEVEL = 0;
				GCC_PREPROCESSOR_DEFINITIONS = (
					"DEBUG=1",
					"$(inherited)",
				);
				GCC_WARN_64_TO_32_BIT_CONVERSION = YES;
				GCC_WARN_ABOUT_RETURN_TYPE = YES_ERROR;
				GCC_WARN_UNDECLARED_SELECTOR = YES;
				GCC_WARN_UNINITIALIZED_AUTOS = YES_AGGRESSIVE;
				GCC_WARN_UNUSED_FUNCTION = YES;
				GCC_WARN_UNUSED_VARIABLE = YES;
				IPHONEOS_DEPLOYMENT_TARGET = 14.5;
				MTL_ENABLE_DEBUG_INFO = INCLUDE_SOURCE;
				MTL_FAST_MATH = YES;
				ONLY_ACTIVE_ARCH = YES;
				SDKROOT = iphoneos;
				SWIFT_ACTIVE_COMPILATION_CONDITIONS = DEBUG;
				SWIFT_OPTIMIZATION_LEVEL = "-Onone";
			};
			name = Debug;
		};
		A112B9D4266F814A002B4F5A /* Release */ = {
			isa = XCBuildConfiguration;
			buildSettings = {
				ALWAYS_SEARCH_USER_PATHS = NO;
				CLANG_ANALYZER_NONNULL = YES;
				CLANG_ANALYZER_NUMBER_OBJECT_CONVERSION = YES_AGGRESSIVE;
				CLANG_CXX_LANGUAGE_STANDARD = "gnu++14";
				CLANG_CXX_LIBRARY = "libc++";
				CLANG_ENABLE_MODULES = YES;
				CLANG_ENABLE_OBJC_ARC = YES;
				CLANG_ENABLE_OBJC_WEAK = YES;
				CLANG_WARN_BLOCK_CAPTURE_AUTORELEASING = YES;
				CLANG_WARN_BOOL_CONVERSION = YES;
				CLANG_WARN_COMMA = YES;
				CLANG_WARN_CONSTANT_CONVERSION = YES;
				CLANG_WARN_DEPRECATED_OBJC_IMPLEMENTATIONS = YES;
				CLANG_WARN_DIRECT_OBJC_ISA_USAGE = YES_ERROR;
				CLANG_WARN_DOCUMENTATION_COMMENTS = YES;
				CLANG_WARN_EMPTY_BODY = YES;
				CLANG_WARN_ENUM_CONVERSION = YES;
				CLANG_WARN_INFINITE_RECURSION = YES;
				CLANG_WARN_INT_CONVERSION = YES;
				CLANG_WARN_NON_LITERAL_NULL_CONVERSION = YES;
				CLANG_WARN_OBJC_IMPLICIT_RETAIN_SELF = YES;
				CLANG_WARN_OBJC_LITERAL_CONVERSION = YES;
				CLANG_WARN_OBJC_ROOT_CLASS = YES_ERROR;
				CLANG_WARN_QUOTED_INCLUDE_IN_FRAMEWORK_HEADER = YES;
				CLANG_WARN_RANGE_LOOP_ANALYSIS = YES;
				CLANG_WARN_STRICT_PROTOTYPES = YES;
				CLANG_WARN_SUSPICIOUS_MOVE = YES;
				CLANG_WARN_UNGUARDED_AVAILABILITY = YES_AGGRESSIVE;
				CLANG_WARN_UNREACHABLE_CODE = YES;
				CLANG_WARN__DUPLICATE_METHOD_MATCH = YES;
				COPY_PHASE_STRIP = NO;
				DEBUG_INFORMATION_FORMAT = "dwarf-with-dsym";
				ENABLE_NS_ASSERTIONS = NO;
				ENABLE_STRICT_OBJC_MSGSEND = YES;
				GCC_C_LANGUAGE_STANDARD = gnu11;
				GCC_NO_COMMON_BLOCKS = YES;
				GCC_WARN_64_TO_32_BIT_CONVERSION = YES;
				GCC_WARN_ABOUT_RETURN_TYPE = YES_ERROR;
				GCC_WARN_UNDECLARED_SELECTOR = YES;
				GCC_WARN_UNINITIALIZED_AUTOS = YES_AGGRESSIVE;
				GCC_WARN_UNUSED_FUNCTION = YES;
				GCC_WARN_UNUSED_VARIABLE = YES;
				IPHONEOS_DEPLOYMENT_TARGET = 14.5;
				MTL_ENABLE_DEBUG_INFO = NO;
				MTL_FAST_MATH = YES;
				SDKROOT = iphoneos;
				SWIFT_COMPILATION_MODE = wholemodule;
				SWIFT_OPTIMIZATION_LEVEL = "-O";
				VALIDATE_PRODUCT = YES;
			};
			name = Release;
		};
		A112B9D6266F814A002B4F5A /* Debug */ = {
			isa = XCBuildConfiguration;
			buildSettings = {
				ASSETCATALOG_COMPILER_APPICON_NAME = AppIcon;
				ASSETCATALOG_COMPILER_GLOBAL_ACCENT_COLOR_NAME = AccentColor;
				CODE_SIGN_STYLE = Automatic;
				CURRENT_PROJECT_VERSION = 1;
				DEVELOPMENT_ASSET_PATHS = "\"ToDo/Preview Content\"";
				DEVELOPMENT_TEAM = S2X33KL27N;
				ENABLE_PREVIEWS = YES;
				INFOPLIST_FILE = "ToDo/Supporting Files/Info.plist";
				IPHONEOS_DEPLOYMENT_TARGET = 14.0;
				LD_RUNPATH_SEARCH_PATHS = (
					"$(inherited)",
					"@executable_path/Frameworks",
				);
				MARKETING_VERSION = 1.0;
				PRODUCT_BUNDLE_IDENTIFIER = com.vdshko.projects.ToDo;
				PRODUCT_NAME = "$(TARGET_NAME)";
				SWIFT_VERSION = 5.0;
				TARGETED_DEVICE_FAMILY = 1;
			};
			name = Debug;
		};
		A112B9D7266F814A002B4F5A /* Release */ = {
			isa = XCBuildConfiguration;
			buildSettings = {
				ASSETCATALOG_COMPILER_APPICON_NAME = AppIcon;
				ASSETCATALOG_COMPILER_GLOBAL_ACCENT_COLOR_NAME = AccentColor;
				CODE_SIGN_STYLE = Automatic;
				CURRENT_PROJECT_VERSION = 1;
				DEVELOPMENT_ASSET_PATHS = "\"ToDo/Preview Content\"";
				DEVELOPMENT_TEAM = S2X33KL27N;
				ENABLE_PREVIEWS = YES;
				INFOPLIST_FILE = "ToDo/Supporting Files/Info.plist";
				IPHONEOS_DEPLOYMENT_TARGET = 14.0;
				LD_RUNPATH_SEARCH_PATHS = (
					"$(inherited)",
					"@executable_path/Frameworks",
				);
				MARKETING_VERSION = 1.0;
				PRODUCT_BUNDLE_IDENTIFIER = com.vdshko.projects.ToDo;
				PRODUCT_NAME = "$(TARGET_NAME)";
				SWIFT_VERSION = 5.0;
				TARGETED_DEVICE_FAMILY = 1;
			};
			name = Release;
		};
/* End XCBuildConfiguration section */

/* Begin XCConfigurationList section */
		A112B9C1266F8149002B4F5A /* Build configuration list for PBXProject "ToDo" */ = {
			isa = XCConfigurationList;
			buildConfigurations = (
				A112B9D3266F814A002B4F5A /* Debug */,
				A112B9D4266F814A002B4F5A /* Release */,
			);
			defaultConfigurationIsVisible = 0;
			defaultConfigurationName = Release;
		};
		A112B9D5266F814A002B4F5A /* Build configuration list for PBXNativeTarget "ToDo" */ = {
			isa = XCConfigurationList;
			buildConfigurations = (
				A112B9D6266F814A002B4F5A /* Debug */,
				A112B9D7266F814A002B4F5A /* Release */,
			);
			defaultConfigurationIsVisible = 0;
			defaultConfigurationName = Release;
		};
/* End XCConfigurationList section */
	};
	rootObject = A112B9BE266F8149002B4F5A /* Project object */;
}
